{
  "name": "elm-github-actions-test",
  "lockfileVersion": 2,
  "requires": true,
  "packages": {
    "": {
      "dependencies": {
        "@lydell/elm-json": "0.2.13-0"
      }
    },
    "node_modules/@lydell/elm-json": {
      "version": "0.2.13-0",
      "resolved": "https://registry.npmjs.org/@lydell/elm-json/-/elm-json-0.2.13-0.tgz",
      "integrity": "sha512-PAR5cLi3jyN7B2eG9sGOp7wa8+LISAgLtmAq0DjCKNsjuv+/Nz6YCn4UVeFLeQbxTukWDzVXQ63ImxpBb9HM6g==",
      "hasInstallScript": true,
      "bin": {
        "elm-json": "bin/elm-json"
      },
      "optionalDependencies": {
        "@lydell/elm-json-darwin-arm64": "0.2.13-0",
        "@lydell/elm-json-darwin-x64": "0.2.13-0",
        "@lydell/elm-json-linux-arm64": "0.2.13-0",
        "@lydell/elm-json-linux-x64": "0.2.13-0",
        "@lydell/elm-json-win32-x64": "0.2.13-0"
      }
    },
    "node_modules/@lydell/elm-json-darwin-arm64": {
      "version": "0.2.13-0",
      "resolved": "https://registry.npmjs.org/@lydell/elm-json-darwin-arm64/-/elm-json-darwin-arm64-0.2.13-0.tgz",
      "integrity": "sha512-p3BGHj1xFL2+kTw+/wmwXPFtGdSGmarYXxeIuxtp7QK5UeTY9+DV06DBfX5vIIf6ai8snHTpS7rtHacgVWSl+A==",
      "cpu": [
        "arm64"
      ],
      "optional": true,
      "os": [
        "darwin"
      ]
    },
    "node_modules/@lydell/elm-json-darwin-x64": {
      "version": "0.2.13-0",
      "resolved": "https://registry.npmjs.org/@lydell/elm-json-darwin-x64/-/elm-json-darwin-x64-0.2.13-0.tgz",
      "integrity": "sha512-TEgIVEB+Y2NR8t47O1gz9YEa8KVskH3eUseRAZg3GyaNKh3lYaUhMfrOqRTJh9eW5Oz8f97SpuRpyBejLM99iA==",
      "cpu": [
        "x64"
      ],
      "optional": true,
      "os": [
        "darwin"
      ]
    },
    "node_modules/@lydell/elm-json-linux-x64": {
      "version": "0.2.13-0",
      "resolved": "https://registry.npmjs.org/@lydell/elm-json-linux-x64/-/elm-json-linux-x64-0.2.13-0.tgz",
      "integrity": "sha512-AzFn+DaUH3x9jhBhMn7P/8LxpF27L8CFiyFXM1fO4T7yKGlS0IRiY0Oym53ucIubp1XPTJQWWgqE55/FM3eMJg==",
      "cpu": [
        "x64"
      ],
      "optional": true,
      "os": [
        "linux"
      ]
    },
    "node_modules/@lydell/elm-json-win32-x64": {
      "version": "0.2.13-0",
      "resolved": "https://registry.npmjs.org/@lydell/elm-json-win32-x64/-/elm-json-win32-x64-0.2.13-0.tgz",
      "integrity": "sha512-XML+Uc1AjBX0JBYxnqc8/OaFf3CwJDRTptfVTt/+j8HBBWNoMEXR0WVJ74/gvdTbae2uWUtn7LTmuPTblaAI5g==",
      "cpu": [
        "x64"
      ],
      "optional": true,
      "os": [
        "win32"
      ]
    }
  },
  "dependencies": {
    "@lydell/elm-json": {
      "version": "0.2.13-0",
      "resolved": "https://registry.npmjs.org/@lydell/elm-json/-/elm-json-0.2.13-0.tgz",
      "integrity": "sha512-PAR5cLi3jyN7B2eG9sGOp7wa8+LISAgLtmAq0DjCKNsjuv+/Nz6YCn4UVeFLeQbxTukWDzVXQ63ImxpBb9HM6g==",
      "requires": {
        "@lydell/elm-json-darwin-arm64": "0.2.13-0",
        "@lydell/elm-json-darwin-x64": "0.2.13-0",
        "@lydell/elm-json-linux-arm64": "0.2.13-0",
        "@lydell/elm-json-linux-x64": "0.2.13-0",
        "@lydell/elm-json-win32-x64": "0.2.13-0"
      }
    },
    "@lydell/elm-json-darwin-arm64": {
      "version": "0.2.13-0",
      "resolved": "https://registry.npmjs.org/@lydell/elm-json-darwin-arm64/-/elm-json-darwin-arm64-0.2.13-0.tgz",
      "integrity": "sha512-p3BGHj1xFL2+kTw+/wmwXPFtGdSGmarYXxeIuxtp7QK5UeTY9+DV06DBfX5vIIf6ai8snHTpS7rtHacgVWSl+A==",
      "optional": true
    },
    "@lydell/elm-json-darwin-x64": {
      "version": "0.2.13-0",
      "resolved": "https://registry.npmjs.org/@lydell/elm-json-darwin-x64/-/elm-json-darwin-x64-0.2.13-0.tgz",
      "integrity": "sha512-TEgIVEB+Y2NR8t47O1gz9YEa8KVskH3eUseRAZg3GyaNKh3lYaUhMfrOqRTJh9eW5Oz8f97SpuRpyBejLM99iA==",
      "optional": true
    },
    "@lydell/elm-json-linux-x64": {
      "version": "0.2.13-0",
      "resolved": "https://registry.npmjs.org/@lydell/elm-json-linux-x64/-/elm-json-linux-x64-0.2.13-0.tgz",
      "integrity": "sha512-AzFn+DaUH3x9jhBhMn7P/8LxpF27L8CFiyFXM1fO4T7yKGlS0IRiY0Oym53ucIubp1XPTJQWWgqE55/FM3eMJg==",
      "optional": true
    },
    "@lydell/elm-json-win32-x64": {
      "version": "0.2.13-0",
      "resolved": "https://registry.npmjs.org/@lydell/elm-json-win32-x64/-/elm-json-win32-x64-0.2.13-0.tgz",
      "integrity": "sha512-XML+Uc1AjBX0JBYxnqc8/OaFf3CwJDRTptfVTt/+j8HBBWNoMEXR0WVJ74/gvdTbae2uWUtn7LTmuPTblaAI5g==",
      "optional": true
    }
  }
}
