{
  "name": "elm-github-actions-test",
  "lockfileVersion": 2,
  "requires": true,
  "packages": {
    "": {
      "dependencies": {
        "@lydell/elm": "0.19.1-9"
      }
    },
    "node_modules/@lydell/elm": {
      "version": "0.19.1-9",
      "resolved": "https://registry.npmjs.org/@lydell/elm/-/elm-0.19.1-9.tgz",
      "integrity": "sha512-TLl3IEObbTO5do0Gy15a5KCqTJYH+G6tLriZ3wXu0lwT+MTttyOn+1FIfsCiRxYH3iJqljFXGkIMmbwxD14Tnw==",
      "hasInstallScript": true,
      "bin": {
        "elm": "bin/elm"
      },
      "engines": {
        "node": ">=7.0.0"
      },
      "optionalDependencies": {
        "@lydell/elm_darwin_arm64": "0.19.1-0",
        "@lydell/elm_darwin_x64": "0.19.1-1",
        "@lydell/elm_linux_arm64": "0.19.1-2",
        "@lydell/elm_linux_x64": "0.19.1-0",
        "@lydell/elm_win32_x64": "0.19.1-0"
      }
    },
    "node_modules/@lydell/elm_darwin_arm64": {
      "version": "0.19.1-0",
      "resolved": "https://registry.npmjs.org/@lydell/elm_darwin_arm64/-/elm_darwin_arm64-0.19.1-0.tgz",
      "integrity": "sha512-WKknu7Vdq6oddOx1TAPfwOhGARrwmwnDVtwq042rHKzEYUUzSeIETdLdSNk19G8ca635UJ73Bcfy+Z92oFtSWQ==",
      "cpu": [
        "arm64"
      ],
      "optional": true,
      "os": [
        "darwin"
      ]
    },
    "node_modules/@lydell/elm_darwin_x64": {
      "version": "0.19.1-1",
      "resolved": "https://registry.npmjs.org/@lydell/elm_darwin_x64/-/elm_darwin_x64-0.19.1-1.tgz",
      "integrity": "sha512-YiCZZd1aYNhqukHBImE/+NtH6yafHKukMU4CYM8a9lojgIqYvMBihzf+qOAmNe2OcS7+Q2fbII/Yps8PCZIK9g==",
      "cpu": [
        "x64"
      ],
      "optional": true,
      "os": [
        "darwin"
      ]
    },
    "node_modules/@lydell/elm_linux_arm64": {
      "version": "0.19.1-2",
      "resolved": "https://registry.npmjs.org/@lydell/elm_linux_arm64/-/elm_linux_arm64-0.19.1-2.tgz",
      "integrity": "sha512-orm7ZOSNgC/GBbF5cyMosRuqwHhDODZiejG6UoNF/MPUrGrmOBfflBsTueAQbK9wISZXJakMHrsfIb+HuAx1JQ==",
      "cpu": [
        "arm64"
      ],
      "optional": true,
      "os": [
        "linux"
      ]
    },
    "node_modules/@lydell/elm_linux_x64": {
      "version": "0.19.1-0",
      "resolved": "https://registry.npmjs.org/@lydell/elm_linux_x64/-/elm_linux_x64-0.19.1-0.tgz",
      "integrity": "sha512-/H/GT3O2hduMuj+jnLLJ0bCLr3fKYh3Hwx0JSVeqRaKMteJ6kiskOLUJILlDUp2RCh+QlYmLglwdugdfubhBrg==",
      "cpu": [
        "x64"
      ],
      "optional": true,
      "os": [
        "linux"
      ]
    },
    "node_modules/@lydell/elm_win32_x64": {
      "version": "0.19.1-0",
      "resolved": "https://registry.npmjs.org/@lydell/elm_win32_x64/-/elm_win32_x64-0.19.1-0.tgz",
      "integrity": "sha512-Thvs6bqGYJNA9Hs01W6Zaig7kcZd30y3K4gdo3VRfbIGmWPw5v9HqSJKnqGAd8IS41T6dik/LUiFNLcCc+4gRw==",
      "cpu": [
        "x64"
      ],
      "optional": true,
      "os": [
        "win32"
      ]
    }
  },
  "dependencies": {
    "@lydell/elm": {
      "version": "0.19.1-9",
      "resolved": "https://registry.npmjs.org/@lydell/elm/-/elm-0.19.1-9.tgz",
      "integrity": "sha512-TLl3IEObbTO5do0Gy15a5KCqTJYH+G6tLriZ3wXu0lwT+MTttyOn+1FIfsCiRxYH3iJqljFXGkIMmbwxD14Tnw==",
      "requires": {
        "@lydell/elm_darwin_arm64": "0.19.1-0",
        "@lydell/elm_darwin_x64": "0.19.1-1",
        "@lydell/elm_linux_arm64": "0.19.1-2",
        "@lydell/elm_linux_x64": "0.19.1-0",
        "@lydell/elm_win32_x64": "0.19.1-0"
      }
    },
    "@lydell/elm_darwin_arm64": {
      "version": "0.19.1-0",
      "resolved": "https://registry.npmjs.org/@lydell/elm_darwin_arm64/-/elm_darwin_arm64-0.19.1-0.tgz",
      "integrity": "sha512-WKknu7Vdq6oddOx1TAPfwOhGARrwmwnDVtwq042rHKzEYUUzSeIETdLdSNk19G8ca635UJ73Bcfy+Z92oFtSWQ==",
      "optional": true
    },
    "@lydell/elm_darwin_x64": {
      "version": "0.19.1-1",
      "resolved": "https://registry.npmjs.org/@lydell/elm_darwin_x64/-/elm_darwin_x64-0.19.1-1.tgz",
      "integrity": "sha512-YiCZZd1aYNhqukHBImE/+NtH6yafHKukMU4CYM8a9lojgIqYvMBihzf+qOAmNe2OcS7+Q2fbII/Yps8PCZIK9g==",
      "optional": true
    },
    "@lydell/elm_linux_arm64": {
      "version": "0.19.1-2",
      "resolved": "https://registry.npmjs.org/@lydell/elm_linux_arm64/-/elm_linux_arm64-0.19.1-2.tgz",
      "integrity": "sha512-orm7ZOSNgC/GBbF5cyMosRuqwHhDODZiejG6UoNF/MPUrGrmOBfflBsTueAQbK9wISZXJakMHrsfIb+HuAx1JQ==",
      "optional": true
    },
    "@lydell/elm_linux_x64": {
      "version": "0.19.1-0",
      "resolved": "https://registry.npmjs.org/@lydell/elm_linux_x64/-/elm_linux_x64-0.19.1-0.tgz",
      "integrity": "sha512-/H/GT3O2hduMuj+jnLLJ0bCLr3fKYh3Hwx0JSVeqRaKMteJ6kiskOLUJILlDUp2RCh+QlYmLglwdugdfubhBrg==",
      "optional": true
    },
    "@lydell/elm_win32_x64": {
      "version": "0.19.1-0",
      "resolved": "https://registry.npmjs.org/@lydell/elm_win32_x64/-/elm_win32_x64-0.19.1-0.tgz",
      "integrity": "sha512-Thvs6bqGYJNA9Hs01W6Zaig7kcZd30y3K4gdo3VRfbIGmWPw5v9HqSJKnqGAd8IS41T6dik/LUiFNLcCc+4gRw==",
      "optional": true
    }
  }
}
